
Microsoft Visual Studio Solution File, Format Version 12.00
# Visual Studio Version 16
VisualStudioVersion = 16.0.31321.278
MinimumVisualStudioVersion = 10.0.40219.1
Project("{9A19103F-16F7-4668-BE54-9A1E7A4F7556}") = "EsaLib.Mail", "EsaLib.Mail\EsaLib.Mail.csproj", "{AB06EB3C-FCCB-45A6-BB37-3E9BADD87E12}"
EndProject
Project("{FAE04EC0-301F-11D3-BF4B-00C04F79EFBC}") = "EsaLib.Mail.UnitTests", "EsaLib.Mail.UnitTests\EsaLib.Mail.UnitTests.csproj", "{89283736-70CA-4BE5-AF3F-9B92F4F5AECF}"
EndProject
Global
	GlobalSection(SolutionConfigurationPlatforms) = preSolution
		Debug|Any CPU = Debug|Any CPU
		Release|Any CPU = Release|Any CPU
	EndGlobalSection
	GlobalSection(ProjectConfigurationPlatforms) = postSolution
		{AB06EB3C-FCCB-45A6-BB37-3E9BADD87E12}.Debug|Any CPU.ActiveCfg = Debug|Any CPU
		{AB06EB3C-FCCB-45A6-BB37-3E9BADD87E12}.Debug|Any CPU.Build.0 = Debug|Any CPU
		{AB06EB3C-FCCB-45A6-BB37-3E9BADD87E12}.Release|Any CPU.ActiveCfg = Release|Any CPU
		{AB06EB3C-FCCB-45A6-BB37-3E9BADD87E12}.Release|Any CPU.Build.0 = Release|Any CPU
		{89283736-70CA-4BE5-AF3F-9B92F4F5AECF}.Debug|Any CPU.ActiveCfg = Debug|Any CPU
		{89283736-70CA-4BE5-AF3F-9B92F4F5AECF}.Debug|Any CPU.Build.0 = Debug|Any CPU
		{89283736-70CA-4BE5-AF3F-9B92F4F5AECF}.Release|Any CPU.ActiveCfg = Release|Any CPU
		{89283736-70CA-4BE5-AF3F-9B92F4F5AECF}.Release|Any CPU.Build.0 = Release|Any CPU
	EndGlobalSection
	GlobalSection(SolutionProperties) = preSolution
		HideSolutionNode = FALSE
	EndGlobalSection
	GlobalSection(ExtensibilityGlobals) = postSolution
		SolutionGuid = {64FA115F-54D0-4719-B981-0636332BBDF7}
	EndGlobalSection
EndGlobal
